// !$*UTF8*$!
{
	archiveVersion = 1;
	classes = {
	};
	objectVersion = 77;
	objects = {

/* Begin PBXBuildFile section */
		2223B4A4DD032077F6273D9E /* GhosttyTerminal in Frameworks */ = {isa = PBXBuildFile; productRef = FAA1FBE1ACA056BF5D4F20E8 /* GhosttyTerminal */; };
		8D1FBA366F9B1F691BE5B80C /* ShellCraftKit in Frameworks */ = {isa = PBXBuildFile; productRef = 7743B90C65830591DC83DD03 /* ShellCraftKit */; };
		9389ADCADEBF1062AFF14D26 /* GhosttyTheme in Frameworks */ = {isa = PBXBuildFile; productRef = A216EACFB50B587F23FC6423 /* GhosttyTheme */; };
		D4416179E3F5BCC68FFCCB09 /* TermioShared in Frameworks */ = {isa = PBXBuildFile; productRef = A617B1EB94E221554B6224A4 /* TermioShared */; };
/* End PBXBuildFile section */

/* Begin PBXFileReference section */
		AA10000000000000000000A7 /* TermioMobileUITests.xctest */ = {isa = PBXFileReference; includeInIndex = 0; lastKnownFileType = wrapper.cfbundle; path = TermioMobileUITests.xctest; sourceTree = BUILT_PRODUCTS_DIR; };
		C4B834BC028171A141441B55 /* TermioMobile.app */ = {isa = PBXFileReference; includeInIndex = 0; lastKnownFileType = wrapper.application; path = TermioMobile.app; sourceTree = BUILT_PRODUCTS_DIR; };
		F8F08AD2A884AB27376B01C2 /* Shared */ = {isa = PBXFileReference; lastKnownFileType = folder; name = Shared; path = ../Shared; sourceTree = SOURCE_ROOT; };
/* End PBXFileReference section */

/* Begin PBXFileSystemSynchronizedRootGroup section */
		566C062F615479EC27FA2BB4 /* Sources */ = {
			isa = PBXFileSystemSynchronizedRootGroup;
			explicitFileTypes = {
			};
			explicitFolders = (
			);
			path = Sources;
			sourceTree = "<group>";
		};
		AA10000000000000000000A6 /* UITests */ = {
			isa = PBXFileSystemSynchronizedRootGroup;
			explicitFileTypes = {
			};
			explicitFolders = (
			);
			path = UITests;
			sourceTree = "<group>";
		};
/* End PBXFileSystemSynchronizedRootGroup section */

/* Begin PBXContainerItemProxy section */
		AA10000000000000000000A9 /* PBXContainerItemProxy */ = {
			isa = PBXContainerItemProxy;
			containerPortal = C17953834D3FE40E533C7AD5 /* Project object */;
			proxyType = 1;
			remoteGlobalIDString = 8A9A92AA1208C58F576BFD9B;
			remoteInfo = TermioMobile;
		};
/* End PBXContainerItemProxy section */

/* Begin PBXTargetDependency section */
		AA10000000000000000000A8 /* PBXTargetDependency */ = {
			isa = PBXTargetDependency;
			target = 8A9A92AA1208C58F576BFD9B /* TermioMobile */;
			targetProxy = AA10000000000000000000A9 /* PBXContainerItemProxy */;
		};
/* End PBXTargetDependency section */

/* Begin PBXFrameworksBuildPhase section */
		89E331136381FBC37DD8D641 /* Frameworks */ = {
			isa = PBXFrameworksBuildPhase;
			buildActionMask = 2147483647;
			files = (
				2223B4A4DD032077F6273D9E /* GhosttyTerminal in Frameworks */,
				9389ADCADEBF1062AFF14D26 /* GhosttyTheme in Frameworks */,
				8D1FBA366F9B1F691BE5B80C /* ShellCraftKit in Frameworks */,
				D4416179E3F5BCC68FFCCB09 /* TermioShared in Frameworks */,
			);
			runOnlyForDeploymentPostprocessing = 0;
		};
/* End PBXFrameworksBuildPhase section */

/* Begin PBXGroup section */
		2D5422DC9B807C0631867802 /* Packages */ = {
			isa = PBXGroup;
			children = (
				F8F08AD2A884AB27376B01C2 /* Shared */,
			);
			name = Packages;
			sourceTree = "<group>";
		};
		2D68D702AE7E832D78AAB302 /* Products */ = {
			isa = PBXGroup;
			children = (
				C4B834BC028171A141441B55 /* TermioMobile.app */,
				AA10000000000000000000A7 /* TermioMobileUITests.xctest */,
			);
			name = Products;
			sourceTree = "<group>";
		};
		600AAD319D9C4100B4D7E969 = {
			isa = PBXGroup;
			children = (
				2D5422DC9B807C0631867802 /* Packages */,
				566C062F615479EC27FA2BB4 /* Sources */,
				AA10000000000000000000A6 /* UITests */,
				2D68D702AE7E832D78AAB302 /* Products */,
			);
			sourceTree = "<group>";
		};
/* End PBXGroup section */

/* Begin PBXNativeTarget section */
		8A9A92AA1208C58F576BFD9B /* TermioMobile */ = {
			isa = PBXNativeTarget;
			buildConfigurationList = DFEA1C956DF34BD5DA9BA9A3 /* Build configuration list for PBXNativeTarget "TermioMobile" */;
			buildPhases = (
				7522DD0077A057E4D64FD276 /* Sources */,
				7450F9959AA86E0EBC32572E /* Resources */,
				89E331136381FBC37DD8D641 /* Frameworks */,
			);
			buildRules = (
			);
			dependencies = (
			);
			fileSystemSynchronizedGroups = (
				566C062F615479EC27FA2BB4 /* Sources */,
			);
			name = TermioMobile;
			packageProductDependencies = (
				FAA1FBE1ACA056BF5D4F20E8 /* GhosttyTerminal */,
				A216EACFB50B587F23FC6423 /* GhosttyTheme */,
				7743B90C65830591DC83DD03 /* ShellCraftKit */,
				A617B1EB94E221554B6224A4 /* TermioShared */,
			);
			productName = TermioMobile;
			productReference = C4B834BC028171A141441B55 /* TermioMobile.app */;
			productType = "com.apple.product-type.application";
		};
		AA10000000000000000000A1 /* TermioMobileUITests */ = {
			isa = PBXNativeTarget;
			buildConfigurationList = AA10000000000000000000A2 /* Build configuration list for PBXNativeTarget "TermioMobileUITests" */;
			buildPhases = (
				AA10000000000000000000A5 /* Sources */,
			);
			buildRules = (
			);
			dependencies = (
				AA10000000000000000000A8 /* PBXTargetDependency */,
			);
			fileSystemSynchronizedGroups = (
				AA10000000000000000000A6 /* UITests */,
			);
			name = TermioMobileUITests;
			packageProductDependencies = (
			);
			productName = TermioMobileUITests;
			productReference = AA10000000000000000000A7 /* TermioMobileUITests.xctest */;
			productType = "com.apple.product-type.bundle.ui-testing";
		};
/* End PBXNativeTarget section */

/* Begin PBXProject section */
		C17953834D3FE40E533C7AD5 /* Project object */ = {
			isa = PBXProject;
			attributes = {
				BuildIndependentTargetsInParallel = YES;
				LastUpgradeCheck = 1430;
				TargetAttributes = {
					AA10000000000000000000A1 = {
						TestTargetID = 8A9A92AA1208C58F576BFD9B;
					};
				};
			};
			buildConfigurationList = 0813B3B4997A57A3BD1092E8 /* Build configuration list for PBXProject "TermioMobile" */;
			developmentRegion = en;
			hasScannedForEncodings = 0;
			knownRegions = (
				Base,
				en,
			);
			mainGroup = 600AAD319D9C4100B4D7E969;
			minimizedProjectReferenceProxies = 1;
			packageReferences = (
				E76CADD6045BA4FE33901492 /* XCRemoteSwiftPackageReference "libghostty-swift" */,
				5F40B625E9606DFCDE974E1D /* XCLocalSwiftPackageReference "../Shared" */,
			);
			preferredProjectObjectVersion = 77;
			productRefGroup = 2D68D702AE7E832D78AAB302 /* Products */;
			projectDirPath = "";
			projectRoot = "";
			targets = (
				8A9A92AA1208C58F576BFD9B /* TermioMobile */,
				AA10000000000000000000A1 /* TermioMobileUITests */,
			);
		};
/* End PBXProject section */

/* Begin PBXResourcesBuildPhase section */
		7450F9959AA86E0EBC32572E /* Resources */ = {
			isa = PBXResourcesBuildPhase;
			buildActionMask = 2147483647;
			files = (
			);
			runOnlyForDeploymentPostprocessing = 0;
		};
/* End PBXResourcesBuildPhase section */

/* Begin PBXSourcesBuildPhase section */
		7522DD0077A057E4D64FD276 /* Sources */ = {
			isa = PBXSourcesBuildPhase;
			buildActionMask = 2147483647;
			files = (
			);
			runOnlyForDeploymentPostprocessing = 0;
		};
		AA10000000000000000000A5 /* Sources */ = {
			isa = PBXSourcesBuildPhase;
			buildActionMask = 2147483647;
			files = (
			);
			runOnlyForDeploymentPostprocessing = 0;
		};
/* End PBXSourcesBuildPhase section */

/* Begin XCBuildConfiguration section */
		1ABE7AC739BD585F71585F88 /* Release */ = {
			isa = XCBuildConfiguration;
			buildSettings = {
				ASSETCATALOG_COMPILER_APPICON_NAME = AppIcon;
				CODE_SIGN_IDENTITY = "Apple Development";
				CODE_SIGN_STYLE = Automatic;
				DEVELOPMENT_TEAM = 5Y27G7B6D8;
				CURRENT_PROJECT_VERSION = 284;
				GENERATE_INFOPLIST_FILE = YES;
				INFOPLIST_FILE = Info.plist;
				INFOPLIST_KEY_UILaunchScreen_Generation = YES;
				INFOPLIST_KEY_UISupportedInterfaceOrientations_iPhone = UIInterfaceOrientationPortrait;
				INFOPLIST_KEY_UIUserInterfaceStyle = Automatic;
				LD_RUNPATH_SEARCH_PATHS = (
					"$(inherited)",
					"@executable_path/Frameworks",
				);
				MARKETING_VERSION = 0.5.0;
				PRODUCT_BUNDLE_IDENTIFIER = sh.termio.mobile;
				SDKROOT = iphoneos;
				SWIFT_VERSION = 5.9;
				TARGETED_DEVICE_FAMILY = 1;
			};
			name = Release;
		};
		37947DEAB20302949BAD1E74 /* Debug */ = {
			isa = XCBuildConfiguration;
			buildSettings = {
				ALWAYS_SEARCH_USER_PATHS = NO;
				CLANG_ANALYZER_NONNULL = YES;
				CLANG_ANALYZER_NUMBER_OBJECT_CONVERSION = YES_AGGRESSIVE;
				CLANG_CXX_LANGUAGE_STANDARD = "gnu++14";
				CLANG_CXX_LIBRARY = "libc++";
				CLANG_ENABLE_MODULES = YES;
				CLANG_ENABLE_OBJC_ARC = YES;
				CLANG_ENABLE_OBJC_WEAK = YES;
				CLANG_WARN_BLOCK_CAPTURE_AUTORELEASING = YES;
				CLANG_WARN_BOOL_CONVERSION = YES;
				CLANG_WARN_COMMA = YES;
				CLANG_WARN_CONSTANT_CONVERSION = YES;
				CLANG_WARN_DEPRECATED_OBJC_IMPLEMENTATIONS = YES;
				CLANG_WARN_DIRECT_OBJC_ISA_USAGE = YES_ERROR;
				CLANG_WARN_DOCUMENTATION_COMMENTS = YES;
				CLANG_WARN_EMPTY_BODY = YES;
				CLANG_WARN_ENUM_CONVERSION = YES;
				CLANG_WARN_INFINITE_RECURSION = YES;
				CLANG_WARN_INT_CONVERSION = YES;
				CLANG_WARN_NON_LITERAL_NULL_CONVERSION = YES;
				CLANG_WARN_OBJC_IMPLICIT_RETAIN_SELF = YES;
				CLANG_WARN_OBJC_LITERAL_CONVERSION = YES;
				CLANG_WARN_OBJC_ROOT_CLASS = YES_ERROR;
				CLANG_WARN_QUOTED_INCLUDE_IN_FRAMEWORK_HEADER = YES;
				CLANG_WARN_RANGE_LOOP_ANALYSIS = YES;
				CLANG_WARN_STRICT_PROTOTYPES = YES;
				CLANG_WARN_SUSPICIOUS_MOVE = YES;
				CLANG_WARN_UNGUARDED_AVAILABILITY = YES_AGGRESSIVE;
				CLANG_WARN_UNREACHABLE_CODE = YES;
				CLANG_WARN__DUPLICATE_METHOD_MATCH = YES;
				COPY_PHASE_STRIP = NO;
				DEBUG_INFORMATION_FORMAT = dwarf;
				ENABLE_STRICT_OBJC_MSGSEND = YES;
				ENABLE_TESTABILITY = YES;
				GCC_C_LANGUAGE_STANDARD = gnu11;
				GCC_DYNAMIC_NO_PIC = NO;
				GCC_NO_COMMON_BLOCKS = YES;
				GCC_OPTIMIZATION_LEVEL = 0;
				GCC_PREPROCESSOR_DEFINITIONS = (
					"$(inherited)",
					"DEBUG=1",
				);
				GCC_WARN_64_TO_32_BIT_CONVERSION = YES;
				GCC_WARN_ABOUT_RETURN_TYPE = YES_ERROR;
				GCC_WARN_UNDECLARED_SELECTOR = YES;
				GCC_WARN_UNINITIALIZED_AUTOS = YES_AGGRESSIVE;
				GCC_WARN_UNUSED_FUNCTION = YES;
				GCC_WARN_UNUSED_VARIABLE = YES;
				IPHONEOS_DEPLOYMENT_TARGET = 17.0;
				MTL_ENABLE_DEBUG_INFO = INCLUDE_SOURCE;
				MTL_FAST_MATH = YES;
				ONLY_ACTIVE_ARCH = YES;
				PRODUCT_NAME = "$(TARGET_NAME)";
				SDKROOT = iphoneos;
				SWIFT_ACTIVE_COMPILATION_CONDITIONS = DEBUG;
				SWIFT_OPTIMIZATION_LEVEL = "-Onone";
				SWIFT_VERSION = 5.0;
			};
			name = Debug;
		};
		3FC2334EF47C653AE64E0B2E /* Release */ = {
			isa = XCBuildConfiguration;
			buildSettings = {
				ALWAYS_SEARCH_USER_PATHS = NO;
				CLANG_ANALYZER_NONNULL = YES;
				CLANG_ANALYZER_NUMBER_OBJECT_CONVERSION = YES_AGGRESSIVE;
				CLANG_CXX_LANGUAGE_STANDARD = "gnu++14";
				CLANG_CXX_LIBRARY = "libc++";
				CLANG_ENABLE_MODULES = YES;
				CLANG_ENABLE_OBJC_ARC = YES;
				CLANG_ENABLE_OBJC_WEAK = YES;
				CLANG_WARN_BLOCK_CAPTURE_AUTORELEASING = YES;
				CLANG_WARN_BOOL_CONVERSION = YES;
				CLANG_WARN_COMMA = YES;
				CLANG_WARN_CONSTANT_CONVERSION = YES;
				CLANG_WARN_DEPRECATED_OBJC_IMPLEMENTATIONS = YES;
				CLANG_WARN_DIRECT_OBJC_ISA_USAGE = YES_ERROR;
				CLANG_WARN_DOCUMENTATION_COMMENTS = YES;
				CLANG_WARN_EMPTY_BODY = YES;
				CLANG_WARN_ENUM_CONVERSION = YES;
				CLANG_WARN_INFINITE_RECURSION = YES;
				CLANG_WARN_INT_CONVERSION = YES;
				CLANG_WARN_NON_LITERAL_NULL_CONVERSION = YES;
				CLANG_WARN_OBJC_IMPLICIT_RETAIN_SELF = YES;
				CLANG_WARN_OBJC_LITERAL_CONVERSION = YES;
				CLANG_WARN_OBJC_ROOT_CLASS = YES_ERROR;
				CLANG_WARN_QUOTED_INCLUDE_IN_FRAMEWORK_HEADER = YES;
				CLANG_WARN_RANGE_LOOP_ANALYSIS = YES;
				CLANG_WARN_STRICT_PROTOTYPES = YES;
				CLANG_WARN_SUSPICIOUS_MOVE = YES;
				CLANG_WARN_UNGUARDED_AVAILABILITY = YES_AGGRESSIVE;
				CLANG_WARN_UNREACHABLE_CODE = YES;
				CLANG_WARN__DUPLICATE_METHOD_MATCH = YES;
				COPY_PHASE_STRIP = NO;
				DEBUG_INFORMATION_FORMAT = "dwarf-with-dsym";
				ENABLE_NS_ASSERTIONS = NO;
				ENABLE_STRICT_OBJC_MSGSEND = YES;
				GCC_C_LANGUAGE_STANDARD = gnu11;
				GCC_NO_COMMON_BLOCKS = YES;
				GCC_WARN_64_TO_32_BIT_CONVERSION = YES;
				GCC_WARN_ABOUT_RETURN_TYPE = YES_ERROR;
				GCC_WARN_UNDECLARED_SELECTOR = YES;
				GCC_WARN_UNINITIALIZED_AUTOS = YES_AGGRESSIVE;
				GCC_WARN_UNUSED_FUNCTION = YES;
				GCC_WARN_UNUSED_VARIABLE = YES;
				IPHONEOS_DEPLOYMENT_TARGET = 17.0;
				MTL_ENABLE_DEBUG_INFO = NO;
				MTL_FAST_MATH = YES;
				PRODUCT_NAME = "$(TARGET_NAME)";
				SDKROOT = iphoneos;
				SWIFT_COMPILATION_MODE = wholemodule;
				SWIFT_OPTIMIZATION_LEVEL = "-O";
				SWIFT_VERSION = 5.0;
			};
			name = Release;
		};
		FFC439A1AF9041EFDEC0BF0A /* Debug */ = {
			isa = XCBuildConfiguration;
			buildSettings = {
				ASSETCATALOG_COMPILER_APPICON_NAME = AppIcon;
				CODE_SIGN_IDENTITY = "Apple Development";
				CODE_SIGN_STYLE = Automatic;
				DEVELOPMENT_TEAM = 5Y27G7B6D8;
				CURRENT_PROJECT_VERSION = 284;
				GENERATE_INFOPLIST_FILE = YES;
				INFOPLIST_FILE = Info.plist;
				INFOPLIST_KEY_UILaunchScreen_Generation = YES;
				INFOPLIST_KEY_UISupportedInterfaceOrientations_iPhone = UIInterfaceOrientationPortrait;
				INFOPLIST_KEY_UIUserInterfaceStyle = Automatic;
				LD_RUNPATH_SEARCH_PATHS = (
					"$(inherited)",
					"@executable_path/Frameworks",
				);
				MARKETING_VERSION = 0.5.0;
				PRODUCT_BUNDLE_IDENTIFIER = sh.termio.mobile;
				SDKROOT = iphoneos;
				SWIFT_VERSION = 5.9;
				TARGETED_DEVICE_FAMILY = 1;
			};
			name = Debug;
		};
/* End XCBuildConfiguration section */

		AA10000000000000000000A3 /* Debug */ = {
			isa = XCBuildConfiguration;
			buildSettings = {
				CODE_SIGN_STYLE = Automatic;
				DEVELOPMENT_TEAM = 5Y27G7B6D8;
				CURRENT_PROJECT_VERSION = 284;
				GENERATE_INFOPLIST_FILE = YES;
				IPHONEOS_DEPLOYMENT_TARGET = 17.0;
				MARKETING_VERSION = 0.5.0;
				PRODUCT_BUNDLE_IDENTIFIER = sh.termio.mobile.uitests;
				PRODUCT_NAME = "$(TARGET_NAME)";
				SDKROOT = iphoneos;
				SWIFT_VERSION = 5.9;
				TARGETED_DEVICE_FAMILY = 1;
				TEST_TARGET_NAME = TermioMobile;
			};
			name = Debug;
		};
		AA10000000000000000000A4 /* Release */ = {
			isa = XCBuildConfiguration;
			buildSettings = {
				CODE_SIGN_STYLE = Automatic;
				DEVELOPMENT_TEAM = 5Y27G7B6D8;
				CURRENT_PROJECT_VERSION = 284;
				GENERATE_INFOPLIST_FILE = YES;
				IPHONEOS_DEPLOYMENT_TARGET = 17.0;
				MARKETING_VERSION = 0.5.0;
				PRODUCT_BUNDLE_IDENTIFIER = sh.termio.mobile.uitests;
				PRODUCT_NAME = "$(TARGET_NAME)";
				SDKROOT = iphoneos;
				SWIFT_VERSION = 5.9;
				TARGETED_DEVICE_FAMILY = 1;
				TEST_TARGET_NAME = TermioMobile;
			};
			name = Release;
		};

/* Begin XCConfigurationList section */
		0813B3B4997A57A3BD1092E8 /* Build configuration list for PBXProject "TermioMobile" */ = {
			isa = XCConfigurationList;
			buildConfigurations = (
				37947DEAB20302949BAD1E74 /* Debug */,
				3FC2334EF47C653AE64E0B2E /* Release */,
			);
			defaultConfigurationIsVisible = 0;
			defaultConfigurationName = Debug;
		};
		AA10000000000000000000A2 /* Build configuration list for PBXNativeTarget "TermioMobileUITests" */ = {
			isa = XCConfigurationList;
			buildConfigurations = (
				AA10000000000000000000A3 /* Debug */,
				AA10000000000000000000A4 /* Release */,
			);
			defaultConfigurationIsVisible = 0;
			defaultConfigurationName = Debug;
		};
		DFEA1C956DF34BD5DA9BA9A3 /* Build configuration list for PBXNativeTarget "TermioMobile" */ = {
			isa = XCConfigurationList;
			buildConfigurations = (
				FFC439A1AF9041EFDEC0BF0A /* Debug */,
				1ABE7AC739BD585F71585F88 /* Release */,
			);
			defaultConfigurationIsVisible = 0;
			defaultConfigurationName = Debug;
		};
/* End XCConfigurationList section */

/* Begin XCLocalSwiftPackageReference section */
		5F40B625E9606DFCDE974E1D /* XCLocalSwiftPackageReference "../Shared" */ = {
			isa = XCLocalSwiftPackageReference;
			relativePath = ../Shared;
		};
/* End XCLocalSwiftPackageReference section */

/* Begin XCRemoteSwiftPackageReference section */
		E76CADD6045BA4FE33901492 /* XCRemoteSwiftPackageReference "libghostty-swift" */ = {
			isa = XCRemoteSwiftPackageReference;
			repositoryURL = "https://github.com/jiweiyuan/libghostty-swift";
			requirement = {
				kind = upToNextMajorVersion;
				minimumVersion = 1.0.14;
			};
		};
/* End XCRemoteSwiftPackageReference section */

/* Begin XCSwiftPackageProductDependency section */
		7743B90C65830591DC83DD03 /* ShellCraftKit */ = {
			isa = XCSwiftPackageProductDependency;
			package = E76CADD6045BA4FE33901492 /* XCRemoteSwiftPackageReference "libghostty-swift" */;
			productName = ShellCraftKit;
		};
		A216EACFB50B587F23FC6423 /* GhosttyTheme */ = {
			isa = XCSwiftPackageProductDependency;
			package = E76CADD6045BA4FE33901492 /* XCRemoteSwiftPackageReference "libghostty-swift" */;
			productName = GhosttyTheme;
		};
		A617B1EB94E221554B6224A4 /* TermioShared */ = {
			isa = XCSwiftPackageProductDependency;
			productName = TermioShared;
		};
		FAA1FBE1ACA056BF5D4F20E8 /* GhosttyTerminal */ = {
			isa = XCSwiftPackageProductDependency;
			package = E76CADD6045BA4FE33901492 /* XCRemoteSwiftPackageReference "libghostty-swift" */;
			productName = GhosttyTerminal;
		};
/* End XCSwiftPackageProductDependency section */
	};
	rootObject = C17953834D3FE40E533C7AD5 /* Project object */;
}
